// !$*UTF8*$!
{
	archiveVersion = 1;
	classes = {
	};
	objectVersion = 56;
	objects = {

/* Begin PBXBuildFile section */
		6C6F82392A09244700DCF0A5 /* KairosApp.swift in Sources */ = {isa = PBXBuildFile; fileRef = 6C6F82382A09244700DCF0A5 /* KairosApp.swift */; };
		6C6F823B2A09244700DCF0A5 /* ContentView.swift in Sources */ = {isa = PBXBuildFile; fileRef = 6C6F823A2A09244700DCF0A5 /* ContentView.swift */; };
		6C6F823D2A09244800DCF0A5 /* Assets.xcassets in Resources */ = {isa = PBXBuildFile; fileRef = 6C6F823C2A09244800DCF0A5 /* Assets.xcassets */; };
		6C6F82412A09244800DCF0A5 /* Preview Assets.xcassets in Resources */ = {isa = PBXBuildFile; fileRef = 6C6F82402A09244800DCF0A5 /* Preview Assets.xcassets */; };
		6C6F824B2A09244800DCF0A5 /* KairosTests.swift in Sources */ = {isa = PBXBuildFile; fileRef = 6C6F824A2A09244800DCF0A5 /* KairosTests.swift */; };
		6C6F82552A09244800DCF0A5 /* KairosUITests.swift in Sources */ = {isa = PBXBuildFile; fileRef = 6C6F82542A09244800DCF0A5 /* KairosUITests.swift */; };
		6C6F82572A09244800DCF0A5 /* KairosUITestsLaunchTests.swift in Sources */ = {isa = PBXBuildFile; fileRef = 6C6F82562A09244800DCF0A5 /* KairosUITestsLaunchTests.swift */; };
		6CA5572A2A0FDEE000081927 /* CheckItem.swift in Sources */ = {isa = PBXBuildFile; fileRef = 6CA557292A0FDEE000081927 /* CheckItem.swift */; };
		6CA5572E2A0FDFE500081927 /* CheckItemView.swift in Sources */ = {isa = PBXBuildFile; fileRef = 6CA5572D2A0FDFE500081927 /* CheckItemView.swift */; };
		6CA557332A11368B00081927 /* Toolbar.swift in Sources */ = {isa = PBXBuildFile; fileRef = 6CA557322A11368B00081927 /* Toolbar.swift */; };
		6CA557352A12288800081927 /* CreateView.swift in Sources */ = {isa = PBXBuildFile; fileRef = 6CA557342A12288800081927 /* CreateView.swift */; };
		6CA557372A122A8D00081927 /* ManagementCategoryView.swift in Sources */ = {isa = PBXBuildFile; fileRef = 6CA557362A122A8D00081927 /* ManagementCategoryView.swift */; };
		6CA557392A122EB900081927 /* FABView.swift in Sources */ = {isa = PBXBuildFile; fileRef = 6CA557382A122EB900081927 /* FABView.swift */; };
/* End PBXBuildFile section */

/* Begin PBXContainerItemProxy section */
		6C6F82472A09244800DCF0A5 /* PBXContainerItemProxy */ = {
			isa = PBXContainerItemProxy;
			containerPortal = 6C6F822D2A09244700DCF0A5 /* Project object */;
			proxyType = 1;
			remoteGlobalIDString = 6C6F82342A09244700DCF0A5;
			remoteInfo = Kairos;
		};
		6C6F82512A09244800DCF0A5 /* PBXContainerItemProxy */ = {
			isa = PBXContainerItemProxy;
			containerPortal = 6C6F822D2A09244700DCF0A5 /* Project object */;
			proxyType = 1;
			remoteGlobalIDString = 6C6F82342A09244700DCF0A5;
			remoteInfo = Kairos;
		};
/* End PBXContainerItemProxy section */

/* Begin PBXFileReference section */
		6C6F82352A09244700DCF0A5 /* Kairos.app */ = {isa = PBXFileReference; explicitFileType = wrapper.application; includeInIndex = 0; path = Kairos.app; sourceTree = BUILT_PRODUCTS_DIR; };
		6C6F82382A09244700DCF0A5 /* KairosApp.swift */ = {isa = PBXFileReference; lastKnownFileType = sourcecode.swift; path = KairosApp.swift; sourceTree = "<group>"; };
		6C6F823A2A09244700DCF0A5 /* ContentView.swift */ = {isa = PBXFileReference; lastKnownFileType = sourcecode.swift; path = ContentView.swift; sourceTree = "<group>"; };
		6C6F823C2A09244800DCF0A5 /* Assets.xcassets */ = {isa = PBXFileReference; lastKnownFileType = folder.assetcatalog; path = Assets.xcassets; sourceTree = "<group>"; };
		6C6F823E2A09244800DCF0A5 /* Kairos.entitlements */ = {isa = PBXFileReference; lastKnownFileType = text.plist.entitlements; path = Kairos.entitlements; sourceTree = "<group>"; };
		6C6F82402A09244800DCF0A5 /* Preview Assets.xcassets */ = {isa = PBXFileReference; lastKnownFileType = folder.assetcatalog; path = "Preview Assets.xcassets"; sourceTree = "<group>"; };
		6C6F82462A09244800DCF0A5 /* KairosTests.xctest */ = {isa = PBXFileReference; explicitFileType = wrapper.cfbundle; includeInIndex = 0; path = KairosTests.xctest; sourceTree = BUILT_PRODUCTS_DIR; };
		6C6F824A2A09244800DCF0A5 /* KairosTests.swift */ = {isa = PBXFileReference; lastKnownFileType = sourcecode.swift; path = KairosTests.swift; sourceTree = "<group>"; };
		6C6F82502A09244800DCF0A5 /* KairosUITests.xctest */ = {isa = PBXFileReference; explicitFileType = wrapper.cfbundle; includeInIndex = 0; path = KairosUITests.xctest; sourceTree = BUILT_PRODUCTS_DIR; };
		6C6F82542A09244800DCF0A5 /* KairosUITests.swift */ = {isa = PBXFileReference; lastKnownFileType = sourcecode.swift; path = KairosUITests.swift; sourceTree = "<group>"; };
		6C6F82562A09244800DCF0A5 /* KairosUITestsLaunchTests.swift */ = {isa = PBXFileReference; lastKnownFileType = sourcecode.swift; path = KairosUITestsLaunchTests.swift; sourceTree = "<group>"; };
		6CA557292A0FDEE000081927 /* CheckItem.swift */ = {isa = PBXFileReference; lastKnownFileType = sourcecode.swift; path = CheckItem.swift; sourceTree = "<group>"; };
		6CA5572D2A0FDFE500081927 /* CheckItemView.swift */ = {isa = PBXFileReference; lastKnownFileType = sourcecode.swift; path = CheckItemView.swift; sourceTree = "<group>"; };
		6CA557322A11368B00081927 /* Toolbar.swift */ = {isa = PBXFileReference; lastKnownFileType = sourcecode.swift; path = Toolbar.swift; sourceTree = "<group>"; };
		6CA557342A12288800081927 /* CreateView.swift */ = {isa = PBXFileReference; lastKnownFileType = sourcecode.swift; path = CreateView.swift; sourceTree = "<group>"; };
		6CA557362A122A8D00081927 /* ManagementCategoryView.swift */ = {isa = PBXFileReference; lastKnownFileType = sourcecode.swift; path = ManagementCategoryView.swift; sourceTree = "<group>"; };
		6CA557382A122EB900081927 /* FABView.swift */ = {isa = PBXFileReference; lastKnownFileType = sourcecode.swift; path = FABView.swift; sourceTree = "<group>"; };
/* End PBXFileReference section */

/* Begin PBXFrameworksBuildPhase section */
		6C6F82322A09244700DCF0A5 /* Frameworks */ = {
			isa = PBXFrameworksBuildPhase;
			buildActionMask = 2147483647;
			files = (
			);
			runOnlyForDeploymentPostprocessing = 0;
		};
		6C6F82432A09244800DCF0A5 /* Frameworks */ = {
			isa = PBXFrameworksBuildPhase;
			buildActionMask = 2147483647;
			files = (
			);
			runOnlyForDeploymentPostprocessing = 0;
		};
		6C6F824D2A09244800DCF0A5 /* Frameworks */ = {
			isa = PBXFrameworksBuildPhase;
			buildActionMask = 2147483647;
			files = (
			);
			runOnlyForDeploymentPostprocessing = 0;
		};
/* End PBXFrameworksBuildPhase section */

/* Begin PBXGroup section */
		6C6F822C2A09244700DCF0A5 = {
			isa = PBXGroup;
			children = (
				6C6F82372A09244700DCF0A5 /* Kairos */,
				6C6F82492A09244800DCF0A5 /* KairosTests */,
				6C6F82532A09244800DCF0A5 /* KairosUITests */,
				6C6F82362A09244700DCF0A5 /* Products */,
			);
			sourceTree = "<group>";
		};
		6C6F82362A09244700DCF0A5 /* Products */ = {
			isa = PBXGroup;
			children = (
				6C6F82352A09244700DCF0A5 /* Kairos.app */,
				6C6F82462A09244800DCF0A5 /* KairosTests.xctest */,
				6C6F82502A09244800DCF0A5 /* KairosUITests.xctest */,
			);
			name = Products;
			sourceTree = "<group>";
		};
		6C6F82372A09244700DCF0A5 /* Kairos */ = {
			isa = PBXGroup;
			children = (
				6CA557302A10787700081927 /* Components */,
				6CA5572F2A10785900081927 /* Resouces */,
				6C6F82382A09244700DCF0A5 /* KairosApp.swift */,
				6C6F823A2A09244700DCF0A5 /* ContentView.swift */,
				6C6F823C2A09244800DCF0A5 /* Assets.xcassets */,
				6C6F823E2A09244800DCF0A5 /* Kairos.entitlements */,
				6C6F823F2A09244800DCF0A5 /* Preview Content */,
				6CA557322A11368B00081927 /* Toolbar.swift */,
			);
			path = Kairos;
			sourceTree = "<group>";
		};
		6C6F823F2A09244800DCF0A5 /* Preview Content */ = {
			isa = PBXGroup;
			children = (
				6C6F82402A09244800DCF0A5 /* Preview Assets.xcassets */,
			);
			path = "Preview Content";
			sourceTree = "<group>";
		};
		6C6F82492A09244800DCF0A5 /* KairosTests */ = {
			isa = PBXGroup;
			children = (
				6C6F824A2A09244800DCF0A5 /* KairosTests.swift */,
			);
			path = KairosTests;
			sourceTree = "<group>";
		};
		6C6F82532A09244800DCF0A5 /* KairosUITests */ = {
			isa = PBXGroup;
			children = (
				6C6F82542A09244800DCF0A5 /* KairosUITests.swift */,
				6C6F82562A09244800DCF0A5 /* KairosUITestsLaunchTests.swift */,
			);
			path = KairosUITests;
			sourceTree = "<group>";
		};
		6CA5572F2A10785900081927 /* Resouces */ = {
			isa = PBXGroup;
			children = (
				6CA557292A0FDEE000081927 /* CheckItem.swift */,
			);
			path = Resouces;
			sourceTree = "<group>";
		};
		6CA557302A10787700081927 /* Components */ = {
			isa = PBXGroup;
			children = (
				6CA5572D2A0FDFE500081927 /* CheckItemView.swift */,
				6CA557342A12288800081927 /* CreateView.swift */,
				6CA557362A122A8D00081927 /* ManagementCategoryView.swift */,
				6CA557382A122EB900081927 /* FABView.swift */,
			);
			path = Components;
			sourceTree = "<group>";
		};
/* End PBXGroup section */

/* Begin PBXNativeTarget section */
		6C6F82342A09244700DCF0A5 /* Kairos */ = {
			isa = PBXNativeTarget;
			buildConfigurationList = 6C6F825A2A09244800DCF0A5 /* Build configuration list for PBXNativeTarget "Kairos" */;
			buildPhases = (
				6C6F82312A09244700DCF0A5 /* Sources */,
				6C6F82322A09244700DCF0A5 /* Frameworks */,
				6C6F82332A09244700DCF0A5 /* Resources */,
			);
			buildRules = (
			);
			dependencies = (
			);
			name = Kairos;
			productName = Kairos;
			productReference = 6C6F82352A09244700DCF0A5 /* Kairos.app */;
			productType = "com.apple.product-type.application";
		};
		6C6F82452A09244800DCF0A5 /* KairosTests */ = {
			isa = PBXNativeTarget;
			buildConfigurationList = 6C6F825D2A09244800DCF0A5 /* Build configuration list for PBXNativeTarget "KairosTests" */;
			buildPhases = (
				6C6F82422A09244800DCF0A5 /* Sources */,
				6C6F82432A09244800DCF0A5 /* Frameworks */,
				6C6F82442A09244800DCF0A5 /* Resources */,
			);
			buildRules = (
			);
			dependencies = (
				6C6F82482A09244800DCF0A5 /* PBXTargetDependency */,
			);
			name = KairosTests;
			productName = KairosTests;
			productReference = 6C6F82462A09244800DCF0A5 /* KairosTests.xctest */;
			productType = "com.apple.product-type.bundle.unit-test";
		};
		6C6F824F2A09244800DCF0A5 /* KairosUITests */ = {
			isa = PBXNativeTarget;
			buildConfigurationList = 6C6F82602A09244800DCF0A5 /* Build configuration list for PBXNativeTarget "KairosUITests" */;
			buildPhases = (
				6C6F824C2A09244800DCF0A5 /* Sources */,
				6C6F824D2A09244800DCF0A5 /* Frameworks */,
				6C6F824E2A09244800DCF0A5 /* Resources */,
			);
			buildRules = (
			);
			dependencies = (
				6C6F82522A09244800DCF0A5 /* PBXTargetDependency */,
			);
			name = KairosUITests;
			productName = KairosUITests;
			productReference = 6C6F82502A09244800DCF0A5 /* KairosUITests.xctest */;
			productType = "com.apple.product-type.bundle.ui-testing";
		};
/* End PBXNativeTarget section */

/* Begin PBXProject section */
		6C6F822D2A09244700DCF0A5 /* Project object */ = {
			isa = PBXProject;
			attributes = {
				BuildIndependentTargetsInParallel = 1;
				LastSwiftUpdateCheck = 1430;
				LastUpgradeCheck = 1430;
				TargetAttributes = {
					6C6F82342A09244700DCF0A5 = {
						CreatedOnToolsVersion = 14.3;
					};
					6C6F82452A09244800DCF0A5 = {
						CreatedOnToolsVersion = 14.3;
						TestTargetID = 6C6F82342A09244700DCF0A5;
					};
					6C6F824F2A09244800DCF0A5 = {
						CreatedOnToolsVersion = 14.3;
						TestTargetID = 6C6F82342A09244700DCF0A5;
					};
				};
			};
			buildConfigurationList = 6C6F82302A09244700DCF0A5 /* Build configuration list for PBXProject "Kairos" */;
			compatibilityVersion = "Xcode 14.0";
			developmentRegion = en;
			hasScannedForEncodings = 0;
			knownRegions = (
				en,
				Base,
			);
			mainGroup = 6C6F822C2A09244700DCF0A5;
			productRefGroup = 6C6F82362A09244700DCF0A5 /* Products */;
			projectDirPath = "";
			projectRoot = "";
			targets = (
				6C6F82342A09244700DCF0A5 /* Kairos */,
				6C6F82452A09244800DCF0A5 /* KairosTests */,
				6C6F824F2A09244800DCF0A5 /* KairosUITests */,
			);
		};
/* End PBXProject section */

/* Begin PBXResourcesBuildPhase section */
		6C6F82332A09244700DCF0A5 /* Resources */ = {
			isa = PBXResourcesBuildPhase;
			buildActionMask = 2147483647;
			files = (
				6C6F82412A09244800DCF0A5 /* Preview Assets.xcassets in Resources */,
				6C6F823D2A09244800DCF0A5 /* Assets.xcassets in Resources */,
			);
			runOnlyForDeploymentPostprocessing = 0;
		};
		6C6F82442A09244800DCF0A5 /* Resources */ = {
			isa = PBXResourcesBuildPhase;
			buildActionMask = 2147483647;
			files = (
			);
			runOnlyForDeploymentPostprocessing = 0;
		};
		6C6F824E2A09244800DCF0A5 /* Resources */ = {
			isa = PBXResourcesBuildPhase;
			buildActionMask = 2147483647;
			files = (
			);
			runOnlyForDeploymentPostprocessing = 0;
		};
/* End PBXResourcesBuildPhase section */

/* Begin PBXSourcesBuildPhase section */
		6C6F82312A09244700DCF0A5 /* Sources */ = {
			isa = PBXSourcesBuildPhase;
			buildActionMask = 2147483647;
			files = (
				6C6F823B2A09244700DCF0A5 /* ContentView.swift in Sources */,
				6CA5572A2A0FDEE000081927 /* CheckItem.swift in Sources */,
				6CA557332A11368B00081927 /* Toolbar.swift in Sources */,
				6CA557372A122A8D00081927 /* ManagementCategoryView.swift in Sources */,
				6CA557392A122EB900081927 /* FABView.swift in Sources */,
				6CA5572E2A0FDFE500081927 /* CheckItemView.swift in Sources */,
				6CA557352A12288800081927 /* CreateView.swift in Sources */,
				6C6F82392A09244700DCF0A5 /* KairosApp.swift in Sources */,
			);
			runOnlyForDeploymentPostprocessing = 0;
		};
		6C6F82422A09244800DCF0A5 /* Sources */ = {
			isa = PBXSourcesBuildPhase;
			buildActionMask = 2147483647;
			files = (
				6C6F824B2A09244800DCF0A5 /* KairosTests.swift in Sources */,
			);
			runOnlyForDeploymentPostprocessing = 0;
		};
		6C6F824C2A09244800DCF0A5 /* Sources */ = {
			isa = PBXSourcesBuildPhase;
			buildActionMask = 2147483647;
			files = (
				6C6F82552A09244800DCF0A5 /* KairosUITests.swift in Sources */,
				6C6F82572A09244800DCF0A5 /* KairosUITestsLaunchTests.swift in Sources */,
			);
			runOnlyForDeploymentPostprocessing = 0;
		};
/* End PBXSourcesBuildPhase section */

/* Begin PBXTargetDependency section */
		6C6F82482A09244800DCF0A5 /* PBXTargetDependency */ = {
			isa = PBXTargetDependency;
			target = 6C6F82342A09244700DCF0A5 /* Kairos */;
			targetProxy = 6C6F82472A09244800DCF0A5 /* PBXContainerItemProxy */;
		};
		6C6F82522A09244800DCF0A5 /* PBXTargetDependency */ = {
			isa = PBXTargetDependency;
			target = 6C6F82342A09244700DCF0A5 /* Kairos */;
			targetProxy = 6C6F82512A09244800DCF0A5 /* PBXContainerItemProxy */;
		};
/* End PBXTargetDependency section */

/* Begin XCBuildConfiguration section */
		6C6F82582A09244800DCF0A5 /* Debug */ = {
			isa = XCBuildConfiguration;
			buildSettings = {
				ALWAYS_SEARCH_USER_PATHS = NO;
				CLANG_ANALYZER_NONNULL = YES;
				CLANG_ANALYZER_NUMBER_OBJECT_CONVERSION = YES_AGGRESSIVE;
				CLANG_CXX_LANGUAGE_STANDARD = "gnu++20";
				CLANG_ENABLE_MODULES = YES;
				CLANG_ENABLE_OBJC_ARC = YES;
				CLANG_ENABLE_OBJC_WEAK = YES;
				CLANG_WARN_BLOCK_CAPTURE_AUTORELEASING = YES;
				CLANG_WARN_BOOL_CONVERSION = YES;
				CLANG_WARN_COMMA = YES;
				CLANG_WARN_CONSTANT_CONVERSION = YES;
				CLANG_WARN_DEPRECATED_OBJC_IMPLEMENTATIONS = YES;
				CLANG_WARN_DIRECT_OBJC_ISA_USAGE = YES_ERROR;
				CLANG_WARN_DOCUMENTATION_COMMENTS = YES;
				CLANG_WARN_EMPTY_BODY = YES;
				CLANG_WARN_ENUM_CONVERSION = YES;
				CLANG_WARN_INFINITE_RECURSION = YES;
				CLANG_WARN_INT_CONVERSION = YES;
				CLANG_WARN_NON_LITERAL_NULL_CONVERSION = YES;
				CLANG_WARN_OBJC_IMPLICIT_RETAIN_SELF = YES;
				CLANG_WARN_OBJC_LITERAL_CONVERSION = YES;
				CLANG_WARN_OBJC_ROOT_CLASS = YES_ERROR;
				CLANG_WARN_QUOTED_INCLUDE_IN_FRAMEWORK_HEADER = YES;
				CLANG_WARN_RANGE_LOOP_ANALYSIS = YES;
				CLANG_WARN_STRICT_PROTOTYPES = YES;
				CLANG_WARN_SUSPICIOUS_MOVE = YES;
				CLANG_WARN_UNGUARDED_AVAILABILITY = YES_AGGRESSIVE;
				CLANG_WARN_UNREACHABLE_CODE = YES;
				CLANG_WARN__DUPLICATE_METHOD_MATCH = YES;
				COPY_PHASE_STRIP = NO;
				DEBUG_INFORMATION_FORMAT = dwarf;
				ENABLE_STRICT_OBJC_MSGSEND = YES;
				ENABLE_TESTABILITY = YES;
				GCC_C_LANGUAGE_STANDARD = gnu11;
				GCC_DYNAMIC_NO_PIC = NO;
				GCC_NO_COMMON_BLOCKS = YES;
				GCC_OPTIMIZATION_LEVEL = 0;
				GCC_PREPROCESSOR_DEFINITIONS = (
					"DEBUG=1",
					"$(inherited)",
				);
				GCC_WARN_64_TO_32_BIT_CONVERSION = YES;
				GCC_WARN_ABOUT_RETURN_TYPE = YES_ERROR;
				GCC_WARN_UNDECLARED_SELECTOR = YES;
				GCC_WARN_UNINITIALIZED_AUTOS = YES_AGGRESSIVE;
				GCC_WARN_UNUSED_FUNCTION = YES;
				GCC_WARN_UNUSED_VARIABLE = YES;
				MTL_ENABLE_DEBUG_INFO = INCLUDE_SOURCE;
				MTL_FAST_MATH = YES;
				ONLY_ACTIVE_ARCH = YES;
				SWIFT_ACTIVE_COMPILATION_CONDITIONS = DEBUG;
				SWIFT_OPTIMIZATION_LEVEL = "-Onone";
			};
			name = Debug;
		};
		6C6F82592A09244800DCF0A5 /* Release */ = {
			isa = XCBuildConfiguration;
			buildSettings = {
				ALWAYS_SEARCH_USER_PATHS = NO;
				CLANG_ANALYZER_NONNULL = YES;
				CLANG_ANALYZER_NUMBER_OBJECT_CONVERSION = YES_AGGRESSIVE;
				CLANG_CXX_LANGUAGE_STANDARD = "gnu++20";
				CLANG_ENABLE_MODULES = YES;
				CLANG_ENABLE_OBJC_ARC = YES;
				CLANG_ENABLE_OBJC_WEAK = YES;
				CLANG_WARN_BLOCK_CAPTURE_AUTORELEASING = YES;
				CLANG_WARN_BOOL_CONVERSION = YES;
				CLANG_WARN_COMMA = YES;
				CLANG_WARN_CONSTANT_CONVERSION = YES;
				CLANG_WARN_DEPRECATED_OBJC_IMPLEMENTATIONS = YES;
				CLANG_WARN_DIRECT_OBJC_ISA_USAGE = YES_ERROR;
				CLANG_WARN_DOCUMENTATION_COMMENTS = YES;
				CLANG_WARN_EMPTY_BODY = YES;
				CLANG_WARN_ENUM_CONVERSION = YES;
				CLANG_WARN_INFINITE_RECURSION = YES;
				CLANG_WARN_INT_CONVERSION = YES;
				CLANG_WARN_NON_LITERAL_NULL_CONVERSION = YES;
				CLANG_WARN_OBJC_IMPLICIT_RETAIN_SELF = YES;
				CLANG_WARN_OBJC_LITERAL_CONVERSION = YES;
				CLANG_WARN_OBJC_ROOT_CLASS = YES_ERROR;
				CLANG_WARN_QUOTED_INCLUDE_IN_FRAMEWORK_HEADER = YES;
				CLANG_WARN_RANGE_LOOP_ANALYSIS = YES;
				CLANG_WARN_STRICT_PROTOTYPES = YES;
				CLANG_WARN_SUSPICIOUS_MOVE = YES;
				CLANG_WARN_UNGUARDED_AVAILABILITY = YES_AGGRESSIVE;
				CLANG_WARN_UNREACHABLE_CODE = YES;
				CLANG_WARN__DUPLICATE_METHOD_MATCH = YES;
				COPY_PHASE_STRIP = NO;
				DEBUG_INFORMATION_FORMAT = "dwarf-with-dsym";
				ENABLE_NS_ASSERTIONS = NO;
				ENABLE_STRICT_OBJC_MSGSEND = YES;
				GCC_C_LANGUAGE_STANDARD = gnu11;
				GCC_NO_COMMON_BLOCKS = YES;
				GCC_WARN_64_TO_32_BIT_CONVERSION = YES;
				GCC_WARN_ABOUT_RETURN_TYPE = YES_ERROR;
				GCC_WARN_UNDECLARED_SELECTOR = YES;
				GCC_WARN_UNINITIALIZED_AUTOS = YES_AGGRESSIVE;
				GCC_WARN_UNUSED_FUNCTION = YES;
				GCC_WARN_UNUSED_VARIABLE = YES;
				MTL_ENABLE_DEBUG_INFO = NO;
				MTL_FAST_MATH = YES;
				SWIFT_COMPILATION_MODE = wholemodule;
				SWIFT_OPTIMIZATION_LEVEL = "-O";
			};
			name = Release;
		};
		6C6F825B2A09244800DCF0A5 /* Debug */ = {
			isa = XCBuildConfiguration;
			buildSettings = {
				ASSETCATALOG_COMPILER_APPICON_NAME = AppIcon;
				ASSETCATALOG_COMPILER_GLOBAL_ACCENT_COLOR_NAME = AccentColor;
				CODE_SIGN_ENTITLEMENTS = Kairos/Kairos.entitlements;
				CODE_SIGN_STYLE = Automatic;
				CURRENT_PROJECT_VERSION = 1;
				DEVELOPMENT_ASSET_PATHS = "\"Kairos/Preview Content\"";
				ENABLE_PREVIEWS = YES;
				GENERATE_INFOPLIST_FILE = YES;
				"INFOPLIST_KEY_UIApplicationSceneManifest_Generation[sdk=iphoneos*]" = YES;
				"INFOPLIST_KEY_UIApplicationSceneManifest_Generation[sdk=iphonesimulator*]" = YES;
				"INFOPLIST_KEY_UIApplicationSupportsIndirectInputEvents[sdk=iphoneos*]" = YES;
				"INFOPLIST_KEY_UIApplicationSupportsIndirectInputEvents[sdk=iphonesimulator*]" = YES;
				"INFOPLIST_KEY_UILaunchScreen_Generation[sdk=iphoneos*]" = YES;
				"INFOPLIST_KEY_UILaunchScreen_Generation[sdk=iphonesimulator*]" = YES;
				"INFOPLIST_KEY_UIStatusBarStyle[sdk=iphoneos*]" = UIStatusBarStyleDefault;
				"INFOPLIST_KEY_UIStatusBarStyle[sdk=iphonesimulator*]" = UIStatusBarStyleDefault;
				INFOPLIST_KEY_UISupportedInterfaceOrientations_iPad = "UIInterfaceOrientationPortrait UIInterfaceOrientationPortraitUpsideDown UIInterfaceOrientationLandscapeLeft UIInterfaceOrientationLandscapeRight";
				INFOPLIST_KEY_UISupportedInterfaceOrientations_iPhone = "UIInterfaceOrientationPortrait UIInterfaceOrientationLandscapeLeft UIInterfaceOrientationLandscapeRight";
				IPHONEOS_DEPLOYMENT_TARGET = 16.4;
				LD_RUNPATH_SEARCH_PATHS = "@executable_path/Frameworks";
				"LD_RUNPATH_SEARCH_PATHS[sdk=macosx*]" = "@executable_path/../Frameworks";
				MACOSX_DEPLOYMENT_TARGET = 13.2;
				MARKETING_VERSION = 1.0;
				PRODUCT_BUNDLE_IDENTIFIER = Kyosuke.Kobayashi.Kairos;
				PRODUCT_NAME = "$(TARGET_NAME)";
				SDKROOT = auto;
				SUPPORTED_PLATFORMS = "iphoneos iphonesimulator macosx";
				SWIFT_EMIT_LOC_STRINGS = YES;
				SWIFT_VERSION = 5.0;
				TARGETED_DEVICE_FAMILY = "1,2";
			};
			name = Debug;
		};
		6C6F825C2A09244800DCF0A5 /* Release */ = {
			isa = XCBuildConfiguration;
			buildSettings = {
				ASSETCATALOG_COMPILER_APPICON_NAME = AppIcon;
				ASSETCATALOG_COMPILER_GLOBAL_ACCENT_COLOR_NAME = AccentColor;
				CODE_SIGN_ENTITLEMENTS = Kairos/Kairos.entitlements;
				CODE_SIGN_STYLE = Automatic;
				CURRENT_PROJECT_VERSION = 1;
				DEVELOPMENT_ASSET_PATHS = "\"Kairos/Preview Content\"";
				ENABLE_PREVIEWS = YES;
				GENERATE_INFOPLIST_FILE = YES;
				"INFOPLIST_KEY_UIApplicationSceneManifest_Generation[sdk=iphoneos*]" = YES;
				"INFOPLIST_KEY_UIApplicationSceneManifest_Generation[sdk=iphonesimulator*]" = YES;
				"INFOPLIST_KEY_UIApplicationSupportsIndirectInputEvents[sdk=iphoneos*]" = YES;
				"INFOPLIST_KEY_UIApplicationSupportsIndirectInputEvents[sdk=iphonesimulator*]" = YES;
				"INFOPLIST_KEY_UILaunchScreen_Generation[sdk=iphoneos*]" = YES;
				"INFOPLIST_KEY_UILaunchScreen_Generation[sdk=iphonesimulator*]" = YES;
				"INFOPLIST_KEY_UIStatusBarStyle[sdk=iphoneos*]" = UIStatusBarStyleDefault;
				"INFOPLIST_KEY_UIStatusBarStyle[sdk=iphonesimulator*]" = UIStatusBarStyleDefault;
				INFOPLIST_KEY_UISupportedInterfaceOrientations_iPad = "UIInterfaceOrientationPortrait UIInterfaceOrientationPortraitUpsideDown UIInterfaceOrientationLandscapeLeft UIInterfaceOrientationLandscapeRight";
				INFOPLIST_KEY_UISupportedInterfaceOrientations_iPhone = "UIInterfaceOrientationPortrait UIInterfaceOrientationLandscapeLeft UIInterfaceOrientationLandscapeRight";
				IPHONEOS_DEPLOYMENT_TARGET = 16.4;
				LD_RUNPATH_SEARCH_PATHS = "@executable_path/Frameworks";
				"LD_RUNPATH_SEARCH_PATHS[sdk=macosx*]" = "@executable_path/../Frameworks";
				MACOSX_DEPLOYMENT_TARGET = 13.2;
				MARKETING_VERSION = 1.0;
				PRODUCT_BUNDLE_IDENTIFIER = Kyosuke.Kobayashi.Kairos;
				PRODUCT_NAME = "$(TARGET_NAME)";
				SDKROOT = auto;
				SUPPORTED_PLATFORMS = "iphoneos iphonesimulator macosx";
				SWIFT_EMIT_LOC_STRINGS = YES;
				SWIFT_VERSION = 5.0;
				TARGETED_DEVICE_FAMILY = "1,2";
			};
			name = Release;
		};
		6C6F825E2A09244800DCF0A5 /* Debug */ = {
			isa = XCBuildConfiguration;
			buildSettings = {
				ALWAYS_EMBED_SWIFT_STANDARD_LIBRARIES = YES;
				BUNDLE_LOADER = "$(TEST_HOST)";
				CODE_SIGN_STYLE = Automatic;
				CURRENT_PROJECT_VERSION = 1;
				GENERATE_INFOPLIST_FILE = YES;
				IPHONEOS_DEPLOYMENT_TARGET = 16.4;
				MACOSX_DEPLOYMENT_TARGET = 13.2;
				MARKETING_VERSION = 1.0;
				PRODUCT_BUNDLE_IDENTIFIER = Kyosuke.Kobayashi.KairosTests;
				PRODUCT_NAME = "$(TARGET_NAME)";
				SDKROOT = auto;
				SUPPORTED_PLATFORMS = "iphoneos iphonesimulator macosx";
				SWIFT_EMIT_LOC_STRINGS = NO;
				SWIFT_VERSION = 5.0;
				TARGETED_DEVICE_FAMILY = "1,2";
				TEST_HOST = "$(BUILT_PRODUCTS_DIR)/Kairos.app/$(BUNDLE_EXECUTABLE_FOLDER_PATH)/Kairos";
			};
			name = Debug;
		};
		6C6F825F2A09244800DCF0A5 /* Release */ = {
			isa = XCBuildConfiguration;
			buildSettings = {
				ALWAYS_EMBED_SWIFT_STANDARD_LIBRARIES = YES;
				BUNDLE_LOADER = "$(TEST_HOST)";
				CODE_SIGN_STYLE = Automatic;
				CURRENT_PROJECT_VERSION = 1;
				GENERATE_INFOPLIST_FILE = YES;
				IPHONEOS_DEPLOYMENT_TARGET = 16.4;
				MACOSX_DEPLOYMENT_TARGET = 13.2;
				MARKETING_VERSION = 1.0;
				PRODUCT_BUNDLE_IDENTIFIER = Kyosuke.Kobayashi.KairosTests;
				PRODUCT_NAME = "$(TARGET_NAME)";
				SDKROOT = auto;
				SUPPORTED_PLATFORMS = "iphoneos iphonesimulator macosx";
				SWIFT_EMIT_LOC_STRINGS = NO;
				SWIFT_VERSION = 5.0;
				TARGETED_DEVICE_FAMILY = "1,2";
				TEST_HOST = "$(BUILT_PRODUCTS_DIR)/Kairos.app/$(BUNDLE_EXECUTABLE_FOLDER_PATH)/Kairos";
			};
			name = Release;
		};
		6C6F82612A09244800DCF0A5 /* Debug */ = {
			isa = XCBuildConfiguration;
			buildSettings = {
				ALWAYS_EMBED_SWIFT_STANDARD_LIBRARIES = YES;
				CODE_SIGN_STYLE = Automatic;
				CURRENT_PROJECT_VERSION = 1;
				GENERATE_INFOPLIST_FILE = YES;
				IPHONEOS_DEPLOYMENT_TARGET = 16.4;
				MACOSX_DEPLOYMENT_TARGET = 13.2;
				MARKETING_VERSION = 1.0;
				PRODUCT_BUNDLE_IDENTIFIER = Kyosuke.Kobayashi.KairosUITests;
				PRODUCT_NAME = "$(TARGET_NAME)";
				SDKROOT = auto;
				SUPPORTED_PLATFORMS = "iphoneos iphonesimulator macosx";
				SWIFT_EMIT_LOC_STRINGS = NO;
				SWIFT_VERSION = 5.0;
				TARGETED_DEVICE_FAMILY = "1,2";
				TEST_TARGET_NAME = Kairos;
			};
			name = Debug;
		};
		6C6F82622A09244800DCF0A5 /* Release */ = {
			isa = XCBuildConfiguration;
			buildSettings = {
				ALWAYS_EMBED_SWIFT_STANDARD_LIBRARIES = YES;
				CODE_SIGN_STYLE = Automatic;
				CURRENT_PROJECT_VERSION = 1;
				GENERATE_INFOPLIST_FILE = YES;
				IPHONEOS_DEPLOYMENT_TARGET = 16.4;
				MACOSX_DEPLOYMENT_TARGET = 13.2;
				MARKETING_VERSION = 1.0;
				PRODUCT_BUNDLE_IDENTIFIER = Kyosuke.Kobayashi.KairosUITests;
				PRODUCT_NAME = "$(TARGET_NAME)";
				SDKROOT = auto;
				SUPPORTED_PLATFORMS = "iphoneos iphonesimulator macosx";
				SWIFT_EMIT_LOC_STRINGS = NO;
				SWIFT_VERSION = 5.0;
				TARGETED_DEVICE_FAMILY = "1,2";
				TEST_TARGET_NAME = Kairos;
			};
			name = Release;
		};
/* End XCBuildConfiguration section */

/* Begin XCConfigurationList section */
		6C6F82302A09244700DCF0A5 /* Build configuration list for PBXProject "Kairos" */ = {
			isa = XCConfigurationList;
			buildConfigurations = (
				6C6F82582A09244800DCF0A5 /* Debug */,
				6C6F82592A09244800DCF0A5 /* Release */,
			);
			defaultConfigurationIsVisible = 0;
			defaultConfigurationName = Release;
		};
		6C6F825A2A09244800DCF0A5 /* Build configuration list for PBXNativeTarget "Kairos" */ = {
			isa = XCConfigurationList;
			buildConfigurations = (
				6C6F825B2A09244800DCF0A5 /* Debug */,
				6C6F825C2A09244800DCF0A5 /* Release */,
			);
			defaultConfigurationIsVisible = 0;
			defaultConfigurationName = Release;
		};
		6C6F825D2A09244800DCF0A5 /* Build configuration list for PBXNativeTarget "KairosTests" */ = {
			isa = XCConfigurationList;
			buildConfigurations = (
				6C6F825E2A09244800DCF0A5 /* Debug */,
				6C6F825F2A09244800DCF0A5 /* Release */,
			);
			defaultConfigurationIsVisible = 0;
			defaultConfigurationName = Release;
		};
		6C6F82602A09244800DCF0A5 /* Build configuration list for PBXNativeTarget "KairosUITests" */ = {
			isa = XCConfigurationList;
			buildConfigurations = (
				6C6F82612A09244800DCF0A5 /* Debug */,
				6C6F82622A09244800DCF0A5 /* Release */,
			);
			defaultConfigurationIsVisible = 0;
			defaultConfigurationName = Release;
		};
/* End XCConfigurationList section */
	};
	rootObject = 6C6F822D2A09244700DCF0A5 /* Project object */;
}
